
Microsoft Visual Studio Solution File, Format Version 12.00
# Visual Studio Version 17
VisualStudioVersion = 17.8.34330.188
MinimumVisualStudioVersion = 10.0.40219.1
Project("{FAE04EC0-301F-11D3-BF4B-00C04F79EFBC}") = "WebApplication1", "WebApplication1.csproj", "{685AA491-BC0E-4482-B4F2-F05E0BE7A545}"
EndProject
Project("{FAE04EC0-301F-11D3-BF4B-00C04F79EFBC}") = "ClassLibrary1", "..\ClassLibrary1\ClassLibrary1.csproj", "{26FAFB9E-46D4-45E0-9F91-301CE98755DB}"
EndProject
Global
	GlobalSection(SolutionConfigurationPlatforms) = preSolution
		Debug|Any CPU = Debug|Any CPU
		Release|Any CPU = Release|Any CPU
	EndGlobalSection
	GlobalSection(ProjectConfigurationPlatforms) = postSolution
		{685AA491-BC0E-4482-B4F2-F05E0BE7A545}.Debug|Any CPU.ActiveCfg = Debug|Any CPU
		{685AA491-BC0E-4482-B4F2-F05E0BE7A545}.Debug|Any CPU.Build.0 = Debug|Any CPU
		{685AA491-BC0E-4482-B4F2-F05E0BE7A545}.Release|Any CPU.ActiveCfg = Release|Any CPU
		{685AA491-BC0E-4482-B4F2-F05E0BE7A545}.Release|Any CPU.Build.0 = Release|Any CPU
		{26FAFB9E-46D4-45E0-9F91-301CE98755DB}.Debug|Any CPU.ActiveCfg = Debug|Any CPU
		{26FAFB9E-46D4-45E0-9F91-301CE98755DB}.Debug|Any CPU.Build.0 = Debug|Any CPU
		{26FAFB9E-46D4-45E0-9F91-301CE98755DB}.Release|Any CPU.ActiveCfg = Release|Any CPU
		{26FAFB9E-46D4-45E0-9F91-301CE98755DB}.Release|Any CPU.Build.0 = Release|Any CPU
	EndGlobalSection
	GlobalSection(SolutionProperties) = preSolution
		HideSolutionNode = FALSE
	EndGlobalSection
	GlobalSection(ExtensibilityGlobals) = postSolution
		SolutionGuid = {11FCA3DC-BD5C-4FC7-8CEA-599A6F8C2C4F}
	EndGlobalSection
EndGlobal
